
Microsoft Visual Studio Solution File, Format Version 12.00
# Visual Studio Version 17
VisualStudioVersion = 17.10.34607.79
MinimumVisualStudioVersion = 10.0.40219.1
Project("{9A19103F-16F7-4668-BE54-9A1E7A4F7556}") = "Persistence", "Persistence\Persistence.csproj", "{BA5C4202-DDDA-4982-A1CB-AACB9382F461}"
EndProject
Project("{9A19103F-16F7-4668-BE54-9A1E7A4F7556}") = "WebApi", "WebApi\WebApi.csproj", "{87849BC8-2C0B-4266-9C2A-CD7580D9731A}"
EndProject
Project("{9A19103F-16F7-4668-BE54-9A1E7A4F7556}") = "Domain", "Domain\Domain.csproj", "{D801D2A6-6B27-48C7-8225-71889D7F996B}"
EndProject
Project("{9A19103F-16F7-4668-BE54-9A1E7A4F7556}") = "Application", "Application\Application.csproj", "{C99210FE-F293-4051-8EE0-2491A86B1301}"
EndProject
Project("{9A19103F-16F7-4668-BE54-9A1E7A4F7556}") = "Infrastructure", "Infrastructure\Infrastructure.csproj", "{0456E8F8-1356-4DD8-871A-CFCA3C112899}"
EndProject
Global
	GlobalSection(SolutionConfigurationPlatforms) = preSolution
		Debug|Any CPU = Debug|Any CPU
		Release|Any CPU = Release|Any CPU
	EndGlobalSection
	GlobalSection(ProjectConfigurationPlatforms) = postSolution
		{BA5C4202-DDDA-4982-A1CB-AACB9382F461}.Debug|Any CPU.ActiveCfg = Debug|Any CPU
		{BA5C4202-DDDA-4982-A1CB-AACB9382F461}.Debug|Any CPU.Build.0 = Debug|Any CPU
		{BA5C4202-DDDA-4982-A1CB-AACB9382F461}.Release|Any CPU.ActiveCfg = Release|Any CPU
		{BA5C4202-DDDA-4982-A1CB-AACB9382F461}.Release|Any CPU.Build.0 = Release|Any CPU
		{87849BC8-2C0B-4266-9C2A-CD7580D9731A}.Debug|Any CPU.ActiveCfg = Debug|Any CPU
		{87849BC8-2C0B-4266-9C2A-CD7580D9731A}.Debug|Any CPU.Build.0 = Debug|Any CPU
		{87849BC8-2C0B-4266-9C2A-CD7580D9731A}.Release|Any CPU.ActiveCfg = Release|Any CPU
		{87849BC8-2C0B-4266-9C2A-CD7580D9731A}.Release|Any CPU.Build.0 = Release|Any CPU
		{D801D2A6-6B27-48C7-8225-71889D7F996B}.Debug|Any CPU.ActiveCfg = Debug|Any CPU
		{D801D2A6-6B27-48C7-8225-71889D7F996B}.Debug|Any CPU.Build.0 = Debug|Any CPU
		{D801D2A6-6B27-48C7-8225-71889D7F996B}.Release|Any CPU.ActiveCfg = Release|Any CPU
		{D801D2A6-6B27-48C7-8225-71889D7F996B}.Release|Any CPU.Build.0 = Release|Any CPU
		{C99210FE-F293-4051-8EE0-2491A86B1301}.Debug|Any CPU.ActiveCfg = Debug|Any CPU
		{C99210FE-F293-4051-8EE0-2491A86B1301}.Debug|Any CPU.Build.0 = Debug|Any CPU
		{C99210FE-F293-4051-8EE0-2491A86B1301}.Release|Any CPU.ActiveCfg = Release|Any CPU
		{C99210FE-F293-4051-8EE0-2491A86B1301}.Release|Any CPU.Build.0 = Release|Any CPU
		{0456E8F8-1356-4DD8-871A-CFCA3C112899}.Debug|Any CPU.ActiveCfg = Debug|Any CPU
		{0456E8F8-1356-4DD8-871A-CFCA3C112899}.Debug|Any CPU.Build.0 = Debug|Any CPU
		{0456E8F8-1356-4DD8-871A-CFCA3C112899}.Release|Any CPU.ActiveCfg = Release|Any CPU
		{0456E8F8-1356-4DD8-871A-CFCA3C112899}.Release|Any CPU.Build.0 = Release|Any CPU
	EndGlobalSection
	GlobalSection(SolutionProperties) = preSolution
		HideSolutionNode = FALSE
	EndGlobalSection
	GlobalSection(ExtensibilityGlobals) = postSolution
		SolutionGuid = {48AAED1B-5EC0-4179-A700-EE9395975187}
	EndGlobalSection
EndGlobal
